{
  "name": "boatstack-workspace",
  "lockfileVersion": 3,
  "requires": true,
  "packages": {
    "": {
      "name": "boatstack-workspace",
      "workspaces": [
        "packages/*"
      ],
      "devDependencies": {
        "typescript": "5.9.3"
      }
    },
    "node_modules/@operatorstack/boatstack": {
      "resolved": "packages/boatstack",
      "link": true
    },
    "node_modules/@operatorstack/boatstack-software-delivery": {
      "resolved": "packages/boatstack-software-delivery",
      "link": true
    },
    "node_modules/typescript": {
      "version": "5.9.3",
      "resolved": "https://registry.npmjs.org/typescript/-/typescript-5.9.3.tgz",
      "integrity": "sha512-jl1vZzPDinLr9eUt3J/t7V6FgNEw9QjvBPdysz9KfQDD41fQrC2Y4vKQdiaUpFT4bXlb1RHhLpp8wtm6M5TgSw==",
      "license": "Apache-2.0",
      "bin": {
        "tsc": "bin/tsc",
        "tsserver": "bin/tsserver"
      },
      "engines": {
        "node": ">=14.17"
      }
    },
    "packages/boatstack": {
      "name": "@operatorstack/boatstack",
      "version": "0.0.0-development",
      "dependencies": {
        "typescript": "5.9.3"
      },
      "bin": {
        "boatstack-flow-frontend": "bin/boatstack-flow-frontend.mjs"
      }
    },
    "packages/boatstack-software-delivery": {
      "name": "@operatorstack/boatstack-software-delivery",
      "version": "0.0.0-development",
      "dependencies": {
        "@operatorstack/boatstack": "0.0.0-development"
      }
    }
  }
}
